{
  "nodes": {
    "imgui": {
      "flake": false,
      "locked": {
        "lastModified": 1778596230,
        "narHash": "sha256-NaSgDE5QEEMrsgYOCAPx5d0XvCIQ9T+ciAKfLFhlmzw=",
        "owner": "ocornut",
        "repo": "imgui",
        "rev": "8936b58fe26e8c3da834b8f60b06511d537b4c63",
        "type": "github"
      },
      "original": {
        "owner": "ocornut",
        "ref": "v1.92.8",
        "repo": "imgui",
        "type": "github"
      }
    },
    "nixpkgs": {
      "locked": {
        "lastModified": 1739482815,
        "narHash": "sha256-/5Lwtmp/8j+ro32gXzitucSdyjJ6QehfJCL58WNA7N0=",
        "owner": "NixOS",
        "repo": "nixpkgs",
        "rev": "ba0939c506a03c60a765cd7f7c43794816540eec",
        "type": "github"
      },
      "original": {
        "owner": "NixOS",
        "ref": "nixpkgs-unstable",
        "repo": "nixpkgs",
        "type": "github"
      }
    },
    "root": {
      "inputs": {
        "imgui": "imgui",
        "nixpkgs": "nixpkgs"
      }
    }
  },
  "root": "root",
  "version": 7
}
